
Microsoft Visual Studio Solution File, Format Version 12.00
# Visual Studio 2012
Project("{FAE04EC0-301F-11D3-BF4B-00C04F79EFBC}") = "JCILVendorPortal", "JCILVendorPortal\JCILVendorPortal.csproj", "{DB2C6B0E-2939-4166-AECF-8C6B341F51E2}"
EndProject
Project("{FAE04EC0-301F-11D3-BF4B-00C04F79EFBC}") = "VendorLib", "VendorLib\VendorLib.csproj", "{57822322-BBAB-4A4D-9BB5-C79EE5EF82A4}"
EndProject
Global
	GlobalSection(TeamFoundationVersionControl) = preSolution
		SccNumberOfProjects = 3
		SccEnterpriseProvider = {4CA58AB2-18FA-4F8D-95D4-32DDF27D184C}
		SccTeamFoundationServer = https://mqonlinetfsprojects.visualstudio.com/
		SccLocalPath0 = .
		SccProjectUniqueName1 = JCILVendorPortal\\JCILVendorPortal.csproj
		SccProjectName1 = JCILVendorPortal
		SccLocalPath1 = JCILVendorPortal
		SccProjectUniqueName2 = VendorLib\\VendorLib.csproj
		SccProjectName2 = VendorLib
		SccLocalPath2 = VendorLib
	EndGlobalSection
	GlobalSection(SolutionConfigurationPlatforms) = preSolution
		Debug|Any CPU = Debug|Any CPU
		Release|Any CPU = Release|Any CPU
	EndGlobalSection
	GlobalSection(ProjectConfigurationPlatforms) = postSolution
		{DB2C6B0E-2939-4166-AECF-8C6B341F51E2}.Debug|Any CPU.ActiveCfg = Debug|Any CPU
		{DB2C6B0E-2939-4166-AECF-8C6B341F51E2}.Debug|Any CPU.Build.0 = Debug|Any CPU
		{DB2C6B0E-2939-4166-AECF-8C6B341F51E2}.Release|Any CPU.ActiveCfg = Release|Any CPU
		{DB2C6B0E-2939-4166-AECF-8C6B341F51E2}.Release|Any CPU.Build.0 = Release|Any CPU
		{57822322-BBAB-4A4D-9BB5-C79EE5EF82A4}.Debug|Any CPU.ActiveCfg = Debug|Any CPU
		{57822322-BBAB-4A4D-9BB5-C79EE5EF82A4}.Debug|Any CPU.Build.0 = Debug|Any CPU
		{57822322-BBAB-4A4D-9BB5-C79EE5EF82A4}.Release|Any CPU.ActiveCfg = Release|Any CPU
		{57822322-BBAB-4A4D-9BB5-C79EE5EF82A4}.Release|Any CPU.Build.0 = Release|Any CPU
	EndGlobalSection
	GlobalSection(SolutionProperties) = preSolution
		HideSolutionNode = FALSE
	EndGlobalSection
EndGlobal
